
Microsoft Visual Studio Solution File, Format Version 12.00
# Visual Studio Version 16
VisualStudioVersion = 16.0.30621.155
MinimumVisualStudioVersion = 10.0.40219.1
Project("{FAE04EC0-301F-11D3-BF4B-00C04F79EFBC}") = "Aula4_VetoresMatrizes", "Aula4_VetoresMatrizes\Aula4_VetoresMatrizes.csproj", "{BCAC6F9D-3AC0-409D-A90F-B7BFC5D72D53}"
EndProject
Global
	GlobalSection(SolutionConfigurationPlatforms) = preSolution
		Debug|Any CPU = Debug|Any CPU
		Release|Any CPU = Release|Any CPU
	EndGlobalSection
	GlobalSection(ProjectConfigurationPlatforms) = postSolution
		{BCAC6F9D-3AC0-409D-A90F-B7BFC5D72D53}.Debug|Any CPU.ActiveCfg = Debug|Any CPU
		{BCAC6F9D-3AC0-409D-A90F-B7BFC5D72D53}.Debug|Any CPU.Build.0 = Debug|Any CPU
		{BCAC6F9D-3AC0-409D-A90F-B7BFC5D72D53}.Release|Any CPU.ActiveCfg = Release|Any CPU
		{BCAC6F9D-3AC0-409D-A90F-B7BFC5D72D53}.Release|Any CPU.Build.0 = Release|Any CPU
	EndGlobalSection
	GlobalSection(SolutionProperties) = preSolution
		HideSolutionNode = FALSE
	EndGlobalSection
	GlobalSection(ExtensibilityGlobals) = postSolution
		SolutionGuid = {04F1A7D2-C014-4D5C-86DB-AAFF466F34D5}
	EndGlobalSection
EndGlobal
