
Microsoft Visual Studio Solution File, Format Version 12.00
# Visual Studio Version 16
VisualStudioVersion = 16.0.30611.23
MinimumVisualStudioVersion = 10.0.40219.1
Project("{FAE04EC0-301F-11D3-BF4B-00C04F79EFBC}") = "Exe1_ConsumoEnergia", "Exe1_ConsumoEnergia\Exe1_ConsumoEnergia.csproj", "{B7999B91-93BB-48F4-BAF2-1CA49F4297B8}"
EndProject
Project("{FAE04EC0-301F-11D3-BF4B-00C04F79EFBC}") = "Exe2_ReajusteSalario", "Exe2_ReajusteSalario\Exe2_ReajusteSalario.csproj", "{CC3415FF-8A0D-4AA6-BF09-3F5231428561}"
EndProject
Project("{FAE04EC0-301F-11D3-BF4B-00C04F79EFBC}") = "Exe3_ListaFuncionarios", "Exe3_ListaFuncionarios\Exe3_ListaFuncionarios.csproj", "{A168910C-BC28-40E5-8F30-9DCD6A6F72D3}"
EndProject
Project("{FAE04EC0-301F-11D3-BF4B-00C04F79EFBC}") = "Tabuada", "Tabuada\Tabuada.csproj", "{00C38CBC-53FD-4BC0-B038-BFA1AD830AFC}"
EndProject
Global
	GlobalSection(SolutionConfigurationPlatforms) = preSolution
		Debug|Any CPU = Debug|Any CPU
		Release|Any CPU = Release|Any CPU
	EndGlobalSection
	GlobalSection(ProjectConfigurationPlatforms) = postSolution
		{B7999B91-93BB-48F4-BAF2-1CA49F4297B8}.Debug|Any CPU.ActiveCfg = Debug|Any CPU
		{B7999B91-93BB-48F4-BAF2-1CA49F4297B8}.Debug|Any CPU.Build.0 = Debug|Any CPU
		{B7999B91-93BB-48F4-BAF2-1CA49F4297B8}.Release|Any CPU.ActiveCfg = Release|Any CPU
		{B7999B91-93BB-48F4-BAF2-1CA49F4297B8}.Release|Any CPU.Build.0 = Release|Any CPU
		{CC3415FF-8A0D-4AA6-BF09-3F5231428561}.Debug|Any CPU.ActiveCfg = Debug|Any CPU
		{CC3415FF-8A0D-4AA6-BF09-3F5231428561}.Debug|Any CPU.Build.0 = Debug|Any CPU
		{CC3415FF-8A0D-4AA6-BF09-3F5231428561}.Release|Any CPU.ActiveCfg = Release|Any CPU
		{CC3415FF-8A0D-4AA6-BF09-3F5231428561}.Release|Any CPU.Build.0 = Release|Any CPU
		{A168910C-BC28-40E5-8F30-9DCD6A6F72D3}.Debug|Any CPU.ActiveCfg = Debug|Any CPU
		{A168910C-BC28-40E5-8F30-9DCD6A6F72D3}.Debug|Any CPU.Build.0 = Debug|Any CPU
		{A168910C-BC28-40E5-8F30-9DCD6A6F72D3}.Release|Any CPU.ActiveCfg = Release|Any CPU
		{A168910C-BC28-40E5-8F30-9DCD6A6F72D3}.Release|Any CPU.Build.0 = Release|Any CPU
		{00C38CBC-53FD-4BC0-B038-BFA1AD830AFC}.Debug|Any CPU.ActiveCfg = Debug|Any CPU
		{00C38CBC-53FD-4BC0-B038-BFA1AD830AFC}.Debug|Any CPU.Build.0 = Debug|Any CPU
		{00C38CBC-53FD-4BC0-B038-BFA1AD830AFC}.Release|Any CPU.ActiveCfg = Release|Any CPU
		{00C38CBC-53FD-4BC0-B038-BFA1AD830AFC}.Release|Any CPU.Build.0 = Release|Any CPU
	EndGlobalSection
	GlobalSection(SolutionProperties) = preSolution
		HideSolutionNode = FALSE
	EndGlobalSection
	GlobalSection(ExtensibilityGlobals) = postSolution
		SolutionGuid = {E6E5DBCB-348A-4E6C-8327-B783354694B6}
	EndGlobalSection
EndGlobal
